
Microsoft Visual Studio Solution File, Format Version 12.00
# Visual Studio Version 17
VisualStudioVersion = 17.14.36310.24
MinimumVisualStudioVersion = 10.0.40219.1
Project("{FAE04EC0-301F-11D3-BF4B-00C04F79EFBC}") = "RecipeShare", "RecipeShare.csproj", "{6DA3214D-5F15-4EC2-AB73-CA280F8D1C28}"
EndProject
Global
	GlobalSection(SolutionConfigurationPlatforms) = preSolution
		Debug|Any CPU = Debug|Any CPU
		Release|Any CPU = Release|Any CPU
	EndGlobalSection
	GlobalSection(ProjectConfigurationPlatforms) = postSolution
		{6DA3214D-5F15-4EC2-AB73-CA280F8D1C28}.Debug|Any CPU.ActiveCfg = Release|Any CPU
		{6DA3214D-5F15-4EC2-AB73-CA280F8D1C28}.Debug|Any CPU.Build.0 = Release|Any CPU
		{6DA3214D-5F15-4EC2-AB73-CA280F8D1C28}.Release|Any CPU.ActiveCfg = Release|Any CPU
		{6DA3214D-5F15-4EC2-AB73-CA280F8D1C28}.Release|Any CPU.Build.0 = Release|Any CPU
	EndGlobalSection
	GlobalSection(SolutionProperties) = preSolution
		HideSolutionNode = FALSE
	EndGlobalSection
	GlobalSection(ExtensibilityGlobals) = postSolution
		SolutionGuid = {2043B97D-C08B-4C26-8438-34FCBA59879E}
	EndGlobalSection
EndGlobal
